
Microsoft Visual Studio Solution File, Format Version 12.00
# Visual Studio Version 16
VisualStudioVersion = 16.0.30621.155
MinimumVisualStudioVersion = 10.0.40219.1
Project("{FAE04EC0-301F-11D3-BF4B-00C04F79EFBC}") = "Sinostar.API", "Sinostar.API.csproj", "{45E82B10-5F76-4BB6-87A5-2C490F6E7C3C}"
EndProject
Global
	GlobalSection(SolutionConfigurationPlatforms) = preSolution
		Debug|Any CPU = Debug|Any CPU
		Release|Any CPU = Release|Any CPU
	EndGlobalSection
	GlobalSection(ProjectConfigurationPlatforms) = postSolution
		{45E82B10-5F76-4BB6-87A5-2C490F6E7C3C}.Debug|Any CPU.ActiveCfg = Debug|Any CPU
		{45E82B10-5F76-4BB6-87A5-2C490F6E7C3C}.Debug|Any CPU.Build.0 = Debug|Any CPU
		{45E82B10-5F76-4BB6-87A5-2C490F6E7C3C}.Release|Any CPU.ActiveCfg = Release|Any CPU
		{45E82B10-5F76-4BB6-87A5-2C490F6E7C3C}.Release|Any CPU.Build.0 = Release|Any CPU
	EndGlobalSection
	GlobalSection(SolutionProperties) = preSolution
		HideSolutionNode = FALSE
	EndGlobalSection
	GlobalSection(ExtensibilityGlobals) = postSolution
		SolutionGuid = {CF7D23EF-6394-4AE8-8F55-33DD4C76CD58}
	EndGlobalSection
EndGlobal
